{
  "requires": true,
  "lockfileVersion": 1,
  "dependencies": {
    "form-urlencoded": {
      "version": "3.0.0",
      "resolved": "https://registry.npmjs.org/form-urlencoded/-/form-urlencoded-3.0.0.tgz",
      "integrity": "sha512-zSgBjyO5Yo3TCfElJKqlSBGOEq8lZjltZAYqew4X5trf4AbH4sZhBesvywy7IpD1mfbu8JS6733V3zv3YdIW1g=="
    }
  }
}
